
Microsoft Visual Studio Solution File, Format Version 11.00
# Visual Studio 2010
Project("{FAE04EC0-301F-11D3-BF4B-00C04F79EFBC}") = "Assembly-CSharp", "Assembly-CSharp.csproj", "{034E466A-E742-0454-7B16-902A9C811EB1}"
EndProject
Global
	GlobalSection(SolutionConfigurationPlatforms) = preSolution
		Debug|Any CPU = Debug|Any CPU
		Release|Any CPU = Release|Any CPU
	EndGlobalSection
	GlobalSection(ProjectConfigurationPlatforms) = postSolution
		{034E466A-E742-0454-7B16-902A9C811EB1}.Debug|Any CPU.ActiveCfg = Debug|Any CPU
		{034E466A-E742-0454-7B16-902A9C811EB1}.Debug|Any CPU.Build.0 = Debug|Any CPU
		{034E466A-E742-0454-7B16-902A9C811EB1}.Release|Any CPU.ActiveCfg = Release|Any CPU
		{034E466A-E742-0454-7B16-902A9C811EB1}.Release|Any CPU.Build.0 = Release|Any CPU
	EndGlobalSection
	GlobalSection(SolutionProperties) = preSolution
		HideSolutionNode = FALSE
	EndGlobalSection
EndGlobal
